# THIS IS AN AUTOGENERATED FILE. DO NOT EDIT THIS FILE DIRECTLY.
# yarn lockfile v1


rails-ujs@^5.2.7:
  version "5.2.7"
  resolved "https://registry.yarnpkg.com/rails-ujs/-/rails-ujs-5.2.7.tgz#b6ef09b26f6e195d48d0e797d3380aedd8bca6d4"
  integrity sha512-Rk9kMVU5Sgup0no2f+2YoFou9F4ZIgQ1s0t4zOwi0RLmllD8DIUxXMH04wT5l+BHuH6qSfmANSw9EdqB/tkABA==
